// !$*UTF8*$!
{
	archiveVersion = 1;
	classes = {
	};
	objectVersion = 46;
	objects = {

/* Begin PBXBuildFile section */
		130BA8691D009D1B003794C5 /* FormView.swift in Sources */ = {isa = PBXBuildFile; fileRef = 130BA8681D009D1B003794C5 /* FormView.swift */; };
		130BA86B1D00A463003794C5 /* CarFormController.swift in Sources */ = {isa = PBXBuildFile; fileRef = 130BA86A1D00A463003794C5 /* CarFormController.swift */; };
		130BA86F1D0231CD003794C5 /* BrandDetailController.swift in Sources */ = {isa = PBXBuildFile; fileRef = 130BA86E1D0231CD003794C5 /* BrandDetailController.swift */; };
		135E2CDB1D056C0F009CF455 /* BrandRouter.swift in Sources */ = {isa = PBXBuildFile; fileRef = 135E2CDA1D056C0F009CF455 /* BrandRouter.swift */; };
		135E2CDD1D056CE8009CF455 /* AppRouter.swift in Sources */ = {isa = PBXBuildFile; fileRef = 135E2CDC1D056CE8009CF455 /* AppRouter.swift */; };
		135E2CE11D05989F009CF455 /* cocoapods.png in Resources */ = {isa = PBXBuildFile; fileRef = 135E2CE01D05989F009CF455 /* cocoapods.png */; };
		135E2CE31D05AA4A009CF455 /* DriversListController.swift in Sources */ = {isa = PBXBuildFile; fileRef = 135E2CE21D05AA4A009CF455 /* DriversListController.swift */; };
		135E2CE51D05AB10009CF455 /* DriverRouter.swift in Sources */ = {isa = PBXBuildFile; fileRef = 135E2CE41D05AB10009CF455 /* DriverRouter.swift */; };
		135E2CE71D05B093009CF455 /* CarDriversController.swift in Sources */ = {isa = PBXBuildFile; fileRef = 135E2CE61D05B093009CF455 /* CarDriversController.swift */; };
		135E2CE91D05D356009CF455 /* ListView.swift in Sources */ = {isa = PBXBuildFile; fileRef = 135E2CE81D05D356009CF455 /* ListView.swift */; };
		135E2CEB1D05D61C009CF455 /* DetailsView.swift in Sources */ = {isa = PBXBuildFile; fileRef = 135E2CEA1D05D61C009CF455 /* DetailsView.swift */; };
		135E2CF01D083FA9009CF455 /* CarStorage.swift in Sources */ = {isa = PBXBuildFile; fileRef = 135E2CEF1D083FA9009CF455 /* CarStorage.swift */; };
		135E2CF21D0861D2009CF455 /* DriverStorage.swift in Sources */ = {isa = PBXBuildFile; fileRef = 135E2CF11D0861D2009CF455 /* DriverStorage.swift */; };
		13C83C4A1D002F4000E2C80F /* AppDelegate.swift in Sources */ = {isa = PBXBuildFile; fileRef = 13C83C491D002F4000E2C80F /* AppDelegate.swift */; };
		13C83C4C1D002F4000E2C80F /* ViewController.swift in Sources */ = {isa = PBXBuildFile; fileRef = 13C83C4B1D002F4000E2C80F /* ViewController.swift */; };
		13C83C4F1D002F4000E2C80F /* Main.storyboard in Resources */ = {isa = PBXBuildFile; fileRef = 13C83C4D1D002F4000E2C80F /* Main.storyboard */; };
		13C83C511D002F4000E2C80F /* Assets.xcassets in Resources */ = {isa = PBXBuildFile; fileRef = 13C83C501D002F4000E2C80F /* Assets.xcassets */; };
		13C83C541D002F4000E2C80F /* LaunchScreen.storyboard in Resources */ = {isa = PBXBuildFile; fileRef = 13C83C521D002F4000E2C80F /* LaunchScreen.storyboard */; };
		13C83C5D1D002F9000E2C80F /* Car.swift in Sources */ = {isa = PBXBuildFile; fileRef = 13C83C5C1D002F9000E2C80F /* Car.swift */; };
		13C83C5F1D002FF700E2C80F /* Brand.swift in Sources */ = {isa = PBXBuildFile; fileRef = 13C83C5E1D002FF700E2C80F /* Brand.swift */; };
		13C83C611D00301500E2C80F /* Driver.swift in Sources */ = {isa = PBXBuildFile; fileRef = 13C83C601D00301500E2C80F /* Driver.swift */; };
		13C83C631D00311300E2C80F /* Data.swift in Sources */ = {isa = PBXBuildFile; fileRef = 13C83C621D00311300E2C80F /* Data.swift */; };
		13C83C671D005B2C00E2C80F /* SimpleListView.swift in Sources */ = {isa = PBXBuildFile; fileRef = 13C83C661D005B2C00E2C80F /* SimpleListView.swift */; };
		13C83C691D005C3E00E2C80F /* CarsListController.swift in Sources */ = {isa = PBXBuildFile; fileRef = 13C83C681D005C3E00E2C80F /* CarsListController.swift */; };
		13C83C6B1D005CEE00E2C80F /* Tools.swift in Sources */ = {isa = PBXBuildFile; fileRef = 13C83C6A1D005CEE00E2C80F /* Tools.swift */; };
		13C83C6D1D005F7500E2C80F /* CarRouter.swift in Sources */ = {isa = PBXBuildFile; fileRef = 13C83C6C1D005F7500E2C80F /* CarRouter.swift */; };
		13C83C711D0066A000E2C80F /* CarDetailsController.swift in Sources */ = {isa = PBXBuildFile; fileRef = 13C83C701D0066A000E2C80F /* CarDetailsController.swift */; };
		13C83C731D007ACE00E2C80F /* LoadingView.swift in Sources */ = {isa = PBXBuildFile; fileRef = 13C83C721D007ACE00E2C80F /* LoadingView.swift */; };
/* End PBXBuildFile section */

/* Begin PBXFileReference section */
		130BA8681D009D1B003794C5 /* FormView.swift */ = {isa = PBXFileReference; fileEncoding = 4; lastKnownFileType = sourcecode.swift; path = FormView.swift; sourceTree = "<group>"; };
		130BA86A1D00A463003794C5 /* CarFormController.swift */ = {isa = PBXFileReference; fileEncoding = 4; lastKnownFileType = sourcecode.swift; path = CarFormController.swift; sourceTree = "<group>"; };
		130BA86E1D0231CD003794C5 /* BrandDetailController.swift */ = {isa = PBXFileReference; fileEncoding = 4; lastKnownFileType = sourcecode.swift; path = BrandDetailController.swift; sourceTree = "<group>"; };
		135E2CDA1D056C0F009CF455 /* BrandRouter.swift */ = {isa = PBXFileReference; fileEncoding = 4; lastKnownFileType = sourcecode.swift; path = BrandRouter.swift; sourceTree = "<group>"; };
		135E2CDC1D056CE8009CF455 /* AppRouter.swift */ = {isa = PBXFileReference; fileEncoding = 4; lastKnownFileType = sourcecode.swift; path = AppRouter.swift; sourceTree = "<group>"; };
		135E2CE01D05989F009CF455 /* cocoapods.png */ = {isa = PBXFileReference; lastKnownFileType = image.png; path = cocoapods.png; sourceTree = "<group>"; };
		135E2CE21D05AA4A009CF455 /* DriversListController.swift */ = {isa = PBXFileReference; fileEncoding = 4; lastKnownFileType = sourcecode.swift; path = DriversListController.swift; sourceTree = "<group>"; };
		135E2CE41D05AB10009CF455 /* DriverRouter.swift */ = {isa = PBXFileReference; fileEncoding = 4; lastKnownFileType = sourcecode.swift; path = DriverRouter.swift; sourceTree = "<group>"; };
		135E2CE61D05B093009CF455 /* CarDriversController.swift */ = {isa = PBXFileReference; fileEncoding = 4; lastKnownFileType = sourcecode.swift; path = CarDriversController.swift; sourceTree = "<group>"; };
		135E2CE81D05D356009CF455 /* ListView.swift */ = {isa = PBXFileReference; fileEncoding = 4; lastKnownFileType = sourcecode.swift; path = ListView.swift; sourceTree = "<group>"; };
		135E2CEA1D05D61C009CF455 /* DetailsView.swift */ = {isa = PBXFileReference; fileEncoding = 4; lastKnownFileType = sourcecode.swift; path = DetailsView.swift; sourceTree = "<group>"; };
		135E2CEF1D083FA9009CF455 /* CarStorage.swift */ = {isa = PBXFileReference; fileEncoding = 4; lastKnownFileType = sourcecode.swift; path = CarStorage.swift; sourceTree = "<group>"; };
		135E2CF11D0861D2009CF455 /* DriverStorage.swift */ = {isa = PBXFileReference; fileEncoding = 4; lastKnownFileType = sourcecode.swift; path = DriverStorage.swift; sourceTree = "<group>"; };
		13C83C461D002F4000E2C80F /* Cars.app */ = {isa = PBXFileReference; explicitFileType = wrapper.application; includeInIndex = 0; path = Cars.app; sourceTree = BUILT_PRODUCTS_DIR; };
		13C83C491D002F4000E2C80F /* AppDelegate.swift */ = {isa = PBXFileReference; lastKnownFileType = sourcecode.swift; path = AppDelegate.swift; sourceTree = "<group>"; };
		13C83C4B1D002F4000E2C80F /* ViewController.swift */ = {isa = PBXFileReference; lastKnownFileType = sourcecode.swift; path = ViewController.swift; sourceTree = "<group>"; };
		13C83C4E1D002F4000E2C80F /* Base */ = {isa = PBXFileReference; lastKnownFileType = file.storyboard; name = Base; path = Base.lproj/Main.storyboard; sourceTree = "<group>"; };
		13C83C501D002F4000E2C80F /* Assets.xcassets */ = {isa = PBXFileReference; lastKnownFileType = folder.assetcatalog; path = Assets.xcassets; sourceTree = "<group>"; };
		13C83C531D002F4000E2C80F /* Base */ = {isa = PBXFileReference; lastKnownFileType = file.storyboard; name = Base; path = Base.lproj/LaunchScreen.storyboard; sourceTree = "<group>"; };
		13C83C551D002F4000E2C80F /* Info.plist */ = {isa = PBXFileReference; lastKnownFileType = text.plist.xml; path = Info.plist; sourceTree = "<group>"; };
		13C83C5C1D002F9000E2C80F /* Car.swift */ = {isa = PBXFileReference; fileEncoding = 4; lastKnownFileType = sourcecode.swift; path = Car.swift; sourceTree = "<group>"; };
		13C83C5E1D002FF700E2C80F /* Brand.swift */ = {isa = PBXFileReference; fileEncoding = 4; lastKnownFileType = sourcecode.swift; path = Brand.swift; sourceTree = "<group>"; };
		13C83C601D00301500E2C80F /* Driver.swift */ = {isa = PBXFileReference; fileEncoding = 4; lastKnownFileType = sourcecode.swift; path = Driver.swift; sourceTree = "<group>"; };
		13C83C621D00311300E2C80F /* Data.swift */ = {isa = PBXFileReference; fileEncoding = 4; lastKnownFileType = sourcecode.swift; name = Data.swift; path = Cars/Model/Data.swift; sourceTree = "<group>"; };
		13C83C661D005B2C00E2C80F /* SimpleListView.swift */ = {isa = PBXFileReference; fileEncoding = 4; lastKnownFileType = sourcecode.swift; name = SimpleListView.swift; path = Cars/Views/SimpleListView.swift; sourceTree = "<group>"; };
		13C83C681D005C3E00E2C80F /* CarsListController.swift */ = {isa = PBXFileReference; fileEncoding = 4; lastKnownFileType = sourcecode.swift; name = CarsListController.swift; path = Cars/Controllers/CarsListController.swift; sourceTree = "<group>"; };
		13C83C6A1D005CEE00E2C80F /* Tools.swift */ = {isa = PBXFileReference; fileEncoding = 4; lastKnownFileType = sourcecode.swift; name = Tools.swift; path = Cars/Tools.swift; sourceTree = "<group>"; };
		13C83C6C1D005F7500E2C80F /* CarRouter.swift */ = {isa = PBXFileReference; fileEncoding = 4; lastKnownFileType = sourcecode.swift; name = CarRouter.swift; path = ../../CarRouter.swift; sourceTree = "<group>"; };
		13C83C701D0066A000E2C80F /* CarDetailsController.swift */ = {isa = PBXFileReference; fileEncoding = 4; lastKnownFileType = sourcecode.swift; path = CarDetailsController.swift; sourceTree = "<group>"; };
		13C83C721D007ACE00E2C80F /* LoadingView.swift */ = {isa = PBXFileReference; fileEncoding = 4; lastKnownFileType = sourcecode.swift; path = LoadingView.swift; sourceTree = "<group>"; };
/* End PBXFileReference section */

/* Begin PBXFrameworksBuildPhase section */
		13C83C431D002F3F00E2C80F /* Frameworks */ = {
			isa = PBXFrameworksBuildPhase;
			buildActionMask = 2147483647;
			files = (
			);
			runOnlyForDeploymentPostprocessing = 0;
		};
/* End PBXFrameworksBuildPhase section */

/* Begin PBXGroup section */
		135E2CD91D056BD9009CF455 /* Router */ = {
			isa = PBXGroup;
			children = (
				13C83C6C1D005F7500E2C80F /* CarRouter.swift */,
				135E2CDA1D056C0F009CF455 /* BrandRouter.swift */,
				135E2CDC1D056CE8009CF455 /* AppRouter.swift */,
				135E2CE41D05AB10009CF455 /* DriverRouter.swift */,
			);
			name = Router;
			path = Cars/Router;
			sourceTree = "<group>";
		};
		135E2CEE1D083F92009CF455 /* Storage */ = {
			isa = PBXGroup;
			children = (
				135E2CEF1D083FA9009CF455 /* CarStorage.swift */,
				135E2CF11D0861D2009CF455 /* DriverStorage.swift */,
			);
			name = Storage;
			sourceTree = "<group>";
		};
		13C83C3D1D002F3F00E2C80F = {
			isa = PBXGroup;
			children = (
				13C83C6A1D005CEE00E2C80F /* Tools.swift */,
				13C83C621D00311300E2C80F /* Data.swift */,
				135E2CEE1D083F92009CF455 /* Storage */,
				135E2CD91D056BD9009CF455 /* Router */,
				13C83C5B1D002F8700E2C80F /* Models */,
				13C83C641D005AE000E2C80F /* Views */,
				13C83C651D005AEA00E2C80F /* Controllers */,
				13C83C481D002F4000E2C80F /* Cars */,
				13C83C471D002F4000E2C80F /* Products */,
			);
			sourceTree = "<group>";
		};
		13C83C471D002F4000E2C80F /* Products */ = {
			isa = PBXGroup;
			children = (
				13C83C461D002F4000E2C80F /* Cars.app */,
			);
			name = Products;
			sourceTree = "<group>";
		};
		13C83C481D002F4000E2C80F /* Cars */ = {
			isa = PBXGroup;
			children = (
				135E2CE01D05989F009CF455 /* cocoapods.png */,
				13C83C491D002F4000E2C80F /* AppDelegate.swift */,
				13C83C4B1D002F4000E2C80F /* ViewController.swift */,
				13C83C4D1D002F4000E2C80F /* Main.storyboard */,
				13C83C501D002F4000E2C80F /* Assets.xcassets */,
				13C83C521D002F4000E2C80F /* LaunchScreen.storyboard */,
				13C83C551D002F4000E2C80F /* Info.plist */,
			);
			path = Cars;
			sourceTree = "<group>";
		};
		13C83C5B1D002F8700E2C80F /* Models */ = {
			isa = PBXGroup;
			children = (
				13C83C5C1D002F9000E2C80F /* Car.swift */,
				13C83C5E1D002FF700E2C80F /* Brand.swift */,
				13C83C601D00301500E2C80F /* Driver.swift */,
			);
			name = Models;
			path = Cars/Model;
			sourceTree = "<group>";
		};
		13C83C641D005AE000E2C80F /* Views */ = {
			isa = PBXGroup;
			children = (
				13C83C661D005B2C00E2C80F /* SimpleListView.swift */,
				135E2CE81D05D356009CF455 /* ListView.swift */,
				13C83C721D007ACE00E2C80F /* LoadingView.swift */,
				130BA8681D009D1B003794C5 /* FormView.swift */,
				135E2CEA1D05D61C009CF455 /* DetailsView.swift */,
			);
			name = Views;
			sourceTree = "<group>";
		};
		13C83C651D005AEA00E2C80F /* Controllers */ = {
			isa = PBXGroup;
			children = (
				13C83C681D005C3E00E2C80F /* CarsListController.swift */,
				13C83C701D0066A000E2C80F /* CarDetailsController.swift */,
				130BA86A1D00A463003794C5 /* CarFormController.swift */,
				130BA86E1D0231CD003794C5 /* BrandDetailController.swift */,
				135E2CE21D05AA4A009CF455 /* DriversListController.swift */,
				135E2CE61D05B093009CF455 /* CarDriversController.swift */,
			);
			name = Controllers;
			sourceTree = "<group>";
		};
/* End PBXGroup section */

/* Begin PBXNativeTarget section */
		13C83C451D002F3F00E2C80F /* Cars */ = {
			isa = PBXNativeTarget;
			buildConfigurationList = 13C83C581D002F4000E2C80F /* Build configuration list for PBXNativeTarget "Cars" */;
			buildPhases = (
				13C83C421D002F3F00E2C80F /* Sources */,
				13C83C431D002F3F00E2C80F /* Frameworks */,
				13C83C441D002F3F00E2C80F /* Resources */,
			);
			buildRules = (
			);
			dependencies = (
			);
			name = Cars;
			productName = Cars;
			productReference = 13C83C461D002F4000E2C80F /* Cars.app */;
			productType = "com.apple.product-type.application";
		};
/* End PBXNativeTarget section */

/* Begin PBXProject section */
		13C83C3E1D002F3F00E2C80F /* Project object */ = {
			isa = PBXProject;
			attributes = {
				LastSwiftUpdateCheck = 0730;
				LastUpgradeCheck = 0730;
				ORGANIZATIONNAME = "Grégoire Lhotellier";
				TargetAttributes = {
					13C83C451D002F3F00E2C80F = {
						CreatedOnToolsVersion = 7.3;
					};
				};
			};
			buildConfigurationList = 13C83C411D002F3F00E2C80F /* Build configuration list for PBXProject "Cars" */;
			compatibilityVersion = "Xcode 3.2";
			developmentRegion = English;
			hasScannedForEncodings = 0;
			knownRegions = (
				en,
				Base,
			);
			mainGroup = 13C83C3D1D002F3F00E2C80F;
			productRefGroup = 13C83C471D002F4000E2C80F /* Products */;
			projectDirPath = "";
			projectRoot = "";
			targets = (
				13C83C451D002F3F00E2C80F /* Cars */,
			);
		};
/* End PBXProject section */

/* Begin PBXResourcesBuildPhase section */
		13C83C441D002F3F00E2C80F /* Resources */ = {
			isa = PBXResourcesBuildPhase;
			buildActionMask = 2147483647;
			files = (
				13C83C541D002F4000E2C80F /* LaunchScreen.storyboard in Resources */,
				13C83C511D002F4000E2C80F /* Assets.xcassets in Resources */,
				135E2CE11D05989F009CF455 /* cocoapods.png in Resources */,
				13C83C4F1D002F4000E2C80F /* Main.storyboard in Resources */,
			);
			runOnlyForDeploymentPostprocessing = 0;
		};
/* End PBXResourcesBuildPhase section */

/* Begin PBXSourcesBuildPhase section */
		13C83C421D002F3F00E2C80F /* Sources */ = {
			isa = PBXSourcesBuildPhase;
			buildActionMask = 2147483647;
			files = (
				135E2CE51D05AB10009CF455 /* DriverRouter.swift in Sources */,
				135E2CF01D083FA9009CF455 /* CarStorage.swift in Sources */,
				130BA86B1D00A463003794C5 /* CarFormController.swift in Sources */,
				135E2CE71D05B093009CF455 /* CarDriversController.swift in Sources */,
				13C83C611D00301500E2C80F /* Driver.swift in Sources */,
				130BA86F1D0231CD003794C5 /* BrandDetailController.swift in Sources */,
				13C83C711D0066A000E2C80F /* CarDetailsController.swift in Sources */,
				135E2CDB1D056C0F009CF455 /* BrandRouter.swift in Sources */,
				135E2CE31D05AA4A009CF455 /* DriversListController.swift in Sources */,
				135E2CE91D05D356009CF455 /* ListView.swift in Sources */,
				13C83C631D00311300E2C80F /* Data.swift in Sources */,
				135E2CEB1D05D61C009CF455 /* DetailsView.swift in Sources */,
				13C83C6D1D005F7500E2C80F /* CarRouter.swift in Sources */,
				135E2CDD1D056CE8009CF455 /* AppRouter.swift in Sources */,
				13C83C4C1D002F4000E2C80F /* ViewController.swift in Sources */,
				13C83C671D005B2C00E2C80F /* SimpleListView.swift in Sources */,
				13C83C5F1D002FF700E2C80F /* Brand.swift in Sources */,
				13C83C691D005C3E00E2C80F /* CarsListController.swift in Sources */,
				13C83C6B1D005CEE00E2C80F /* Tools.swift in Sources */,
				13C83C4A1D002F4000E2C80F /* AppDelegate.swift in Sources */,
				13C83C731D007ACE00E2C80F /* LoadingView.swift in Sources */,
				130BA8691D009D1B003794C5 /* FormView.swift in Sources */,
				13C83C5D1D002F9000E2C80F /* Car.swift in Sources */,
				135E2CF21D0861D2009CF455 /* DriverStorage.swift in Sources */,
			);
			runOnlyForDeploymentPostprocessing = 0;
		};
/* End PBXSourcesBuildPhase section */

/* Begin PBXVariantGroup section */
		13C83C4D1D002F4000E2C80F /* Main.storyboard */ = {
			isa = PBXVariantGroup;
			children = (
				13C83C4E1D002F4000E2C80F /* Base */,
			);
			name = Main.storyboard;
			sourceTree = "<group>";
		};
		13C83C521D002F4000E2C80F /* LaunchScreen.storyboard */ = {
			isa = PBXVariantGroup;
			children = (
				13C83C531D002F4000E2C80F /* Base */,
			);
			name = LaunchScreen.storyboard;
			sourceTree = "<group>";
		};
/* End PBXVariantGroup section */

/* Begin XCBuildConfiguration section */
		13C83C561D002F4000E2C80F /* Debug */ = {
			isa = XCBuildConfiguration;
			buildSettings = {
				ALWAYS_SEARCH_USER_PATHS = NO;
				CLANG_ANALYZER_NONNULL = YES;
				CLANG_CXX_LANGUAGE_STANDARD = "gnu++0x";
				CLANG_CXX_LIBRARY = "libc++";
				CLANG_ENABLE_MODULES = YES;
				CLANG_ENABLE_OBJC_ARC = YES;
				CLANG_WARN_BOOL_CONVERSION = YES;
				CLANG_WARN_CONSTANT_CONVERSION = YES;
				CLANG_WARN_DIRECT_OBJC_ISA_USAGE = YES_ERROR;
				CLANG_WARN_EMPTY_BODY = YES;
				CLANG_WARN_ENUM_CONVERSION = YES;
				CLANG_WARN_INT_CONVERSION = YES;
				CLANG_WARN_OBJC_ROOT_CLASS = YES_ERROR;
				CLANG_WARN_UNREACHABLE_CODE = YES;
				CLANG_WARN__DUPLICATE_METHOD_MATCH = YES;
				"CODE_SIGN_IDENTITY[sdk=iphoneos*]" = "iPhone Developer";
				COPY_PHASE_STRIP = NO;
				DEBUG_INFORMATION_FORMAT = dwarf;
				ENABLE_STRICT_OBJC_MSGSEND = YES;
				ENABLE_TESTABILITY = YES;
				GCC_C_LANGUAGE_STANDARD = gnu99;
				GCC_DYNAMIC_NO_PIC = NO;
				GCC_NO_COMMON_BLOCKS = YES;
				GCC_OPTIMIZATION_LEVEL = 0;
				GCC_PREPROCESSOR_DEFINITIONS = (
					"DEBUG=1",
					"$(inherited)",
				);
				GCC_WARN_64_TO_32_BIT_CONVERSION = YES;
				GCC_WARN_ABOUT_RETURN_TYPE = YES_ERROR;
				GCC_WARN_UNDECLARED_SELECTOR = YES;
				GCC_WARN_UNINITIALIZED_AUTOS = YES_AGGRESSIVE;
				GCC_WARN_UNUSED_FUNCTION = YES;
				GCC_WARN_UNUSED_VARIABLE = YES;
				IPHONEOS_DEPLOYMENT_TARGET = 9.3;
				MTL_ENABLE_DEBUG_INFO = YES;
				ONLY_ACTIVE_ARCH = YES;
				SDKROOT = iphoneos;
				SWIFT_OPTIMIZATION_LEVEL = "-Onone";
				TARGETED_DEVICE_FAMILY = "1,2";
			};
			name = Debug;
		};
		13C83C571D002F4000E2C80F /* Release */ = {
			isa = XCBuildConfiguration;
			buildSettings = {
				ALWAYS_SEARCH_USER_PATHS = NO;
				CLANG_ANALYZER_NONNULL = YES;
				CLANG_CXX_LANGUAGE_STANDARD = "gnu++0x";
				CLANG_CXX_LIBRARY = "libc++";
				CLANG_ENABLE_MODULES = YES;
				CLANG_ENABLE_OBJC_ARC = YES;
				CLANG_WARN_BOOL_CONVERSION = YES;
				CLANG_WARN_CONSTANT_CONVERSION = YES;
				CLANG_WARN_DIRECT_OBJC_ISA_USAGE = YES_ERROR;
				CLANG_WARN_EMPTY_BODY = YES;
				CLANG_WARN_ENUM_CONVERSION = YES;
				CLANG_WARN_INT_CONVERSION = YES;
				CLANG_WARN_OBJC_ROOT_CLASS = YES_ERROR;
				CLANG_WARN_UNREACHABLE_CODE = YES;
				CLANG_WARN__DUPLICATE_METHOD_MATCH = YES;
				"CODE_SIGN_IDENTITY[sdk=iphoneos*]" = "iPhone Developer";
				COPY_PHASE_STRIP = NO;
				DEBUG_INFORMATION_FORMAT = "dwarf-with-dsym";
				ENABLE_NS_ASSERTIONS = NO;
				ENABLE_STRICT_OBJC_MSGSEND = YES;
				GCC_C_LANGUAGE_STANDARD = gnu99;
				GCC_NO_COMMON_BLOCKS = YES;
				GCC_WARN_64_TO_32_BIT_CONVERSION = YES;
				GCC_WARN_ABOUT_RETURN_TYPE = YES_ERROR;
				GCC_WARN_UNDECLARED_SELECTOR = YES;
				GCC_WARN_UNINITIALIZED_AUTOS = YES_AGGRESSIVE;
				GCC_WARN_UNUSED_FUNCTION = YES;
				GCC_WARN_UNUSED_VARIABLE = YES;
				IPHONEOS_DEPLOYMENT_TARGET = 9.3;
				MTL_ENABLE_DEBUG_INFO = NO;
				SDKROOT = iphoneos;
				TARGETED_DEVICE_FAMILY = "1,2";
				VALIDATE_PRODUCT = YES;
			};
			name = Release;
		};
		13C83C591D002F4000E2C80F /* Debug */ = {
			isa = XCBuildConfiguration;
			buildSettings = {
				ASSETCATALOG_COMPILER_APPICON_NAME = AppIcon;
				INFOPLIST_FILE = Cars/Info.plist;
				LD_RUNPATH_SEARCH_PATHS = "$(inherited) @executable_path/Frameworks";
				PRODUCT_BUNDLE_IDENTIFIER = com.madebykawet.Cars;
				PRODUCT_NAME = "$(TARGET_NAME)";
			};
			name = Debug;
		};
		13C83C5A1D002F4000E2C80F /* Release */ = {
			isa = XCBuildConfiguration;
			buildSettings = {
				ASSETCATALOG_COMPILER_APPICON_NAME = AppIcon;
				INFOPLIST_FILE = Cars/Info.plist;
				LD_RUNPATH_SEARCH_PATHS = "$(inherited) @executable_path/Frameworks";
				PRODUCT_BUNDLE_IDENTIFIER = com.madebykawet.Cars;
				PRODUCT_NAME = "$(TARGET_NAME)";
			};
			name = Release;
		};
/* End XCBuildConfiguration section */

/* Begin XCConfigurationList section */
		13C83C411D002F3F00E2C80F /* Build configuration list for PBXProject "Cars" */ = {
			isa = XCConfigurationList;
			buildConfigurations = (
				13C83C561D002F4000E2C80F /* Debug */,
				13C83C571D002F4000E2C80F /* Release */,
			);
			defaultConfigurationIsVisible = 0;
			defaultConfigurationName = Release;
		};
		13C83C581D002F4000E2C80F /* Build configuration list for PBXNativeTarget "Cars" */ = {
			isa = XCConfigurationList;
			buildConfigurations = (
				13C83C591D002F4000E2C80F /* Debug */,
				13C83C5A1D002F4000E2C80F /* Release */,
			);
			defaultConfigurationIsVisible = 0;
			defaultConfigurationName = Release;
		};
/* End XCConfigurationList section */
	};
	rootObject = 13C83C3E1D002F3F00E2C80F /* Project object */;
}
